// !$*UTF8*$!
{
	archiveVersion = 1;
	classes = {
	};
	objectVersion = 55;
	objects = {

/* Begin PBXBuildFile section */
		5609055627A4F87200E4B7D4 /* PhotoManager.swift in Sources */ = {isa = PBXBuildFile; fileRef = 5609055527A4F87200E4B7D4 /* PhotoManager.swift */; };
		5609055827A4F89600E4B7D4 /* PhotoDayData.swift in Sources */ = {isa = PBXBuildFile; fileRef = 5609055727A4F89600E4B7D4 /* PhotoDayData.swift */; };
		D6484F3E27A247E4003293F1 /* AppDelegate.swift in Sources */ = {isa = PBXBuildFile; fileRef = D6484F3D27A247E4003293F1 /* AppDelegate.swift */; };
		D6484F4027A247E4003293F1 /* SceneDelegate.swift in Sources */ = {isa = PBXBuildFile; fileRef = D6484F3F27A247E4003293F1 /* SceneDelegate.swift */; };
		D6484F4227A247E4003293F1 /* ViewController.swift in Sources */ = {isa = PBXBuildFile; fileRef = D6484F4127A247E4003293F1 /* ViewController.swift */; };
		D6484F4527A247E4003293F1 /* Main.storyboard in Resources */ = {isa = PBXBuildFile; fileRef = D6484F4327A247E4003293F1 /* Main.storyboard */; };
		D6484F4727A247E6003293F1 /* Assets.xcassets in Resources */ = {isa = PBXBuildFile; fileRef = D6484F4627A247E6003293F1 /* Assets.xcassets */; };
		D6484F4A27A247E6003293F1 /* LaunchScreen.storyboard in Resources */ = {isa = PBXBuildFile; fileRef = D6484F4827A247E6003293F1 /* LaunchScreen.storyboard */; };
		D6484F5227A24DB4003293F1 /* planetasViewController.swift in Sources */ = {isa = PBXBuildFile; fileRef = D6484F5127A24DB4003293F1 /* planetasViewController.swift */; };
/* End PBXBuildFile section */

/* Begin PBXFileReference section */
		5609055527A4F87200E4B7D4 /* PhotoManager.swift */ = {isa = PBXFileReference; lastKnownFileType = sourcecode.swift; path = PhotoManager.swift; sourceTree = "<group>"; };
		5609055727A4F89600E4B7D4 /* PhotoDayData.swift */ = {isa = PBXFileReference; lastKnownFileType = sourcecode.swift; path = PhotoDayData.swift; sourceTree = "<group>"; };
		D6484F3A27A247E4003293F1 /* Nassap.app */ = {isa = PBXFileReference; explicitFileType = wrapper.application; includeInIndex = 0; path = Nassap.app; sourceTree = BUILT_PRODUCTS_DIR; };
		D6484F3D27A247E4003293F1 /* AppDelegate.swift */ = {isa = PBXFileReference; lastKnownFileType = sourcecode.swift; path = AppDelegate.swift; sourceTree = "<group>"; };
		D6484F3F27A247E4003293F1 /* SceneDelegate.swift */ = {isa = PBXFileReference; lastKnownFileType = sourcecode.swift; path = SceneDelegate.swift; sourceTree = "<group>"; };
		D6484F4127A247E4003293F1 /* ViewController.swift */ = {isa = PBXFileReference; lastKnownFileType = sourcecode.swift; path = ViewController.swift; sourceTree = "<group>"; };
		D6484F4427A247E4003293F1 /* Base */ = {isa = PBXFileReference; lastKnownFileType = file.storyboard; name = Base; path = Base.lproj/Main.storyboard; sourceTree = "<group>"; };
		D6484F4627A247E6003293F1 /* Assets.xcassets */ = {isa = PBXFileReference; lastKnownFileType = folder.assetcatalog; path = Assets.xcassets; sourceTree = "<group>"; };
		D6484F4927A247E6003293F1 /* Base */ = {isa = PBXFileReference; lastKnownFileType = file.storyboard; name = Base; path = Base.lproj/LaunchScreen.storyboard; sourceTree = "<group>"; };
		D6484F4B27A247E6003293F1 /* Info.plist */ = {isa = PBXFileReference; lastKnownFileType = text.plist.xml; path = Info.plist; sourceTree = "<group>"; };
		D6484F5127A24DB4003293F1 /* planetasViewController.swift */ = {isa = PBXFileReference; lastKnownFileType = sourcecode.swift; path = planetasViewController.swift; sourceTree = "<group>"; };
/* End PBXFileReference section */

/* Begin PBXFrameworksBuildPhase section */
		D6484F3727A247E4003293F1 /* Frameworks */ = {
			isa = PBXFrameworksBuildPhase;
			buildActionMask = 2147483647;
			files = (
			);
			runOnlyForDeploymentPostprocessing = 0;
		};
/* End PBXFrameworksBuildPhase section */

/* Begin PBXGroup section */
		562B5AC827A8AF9A0025C41A /* Model */ = {
			isa = PBXGroup;
			children = (
				5609055727A4F89600E4B7D4 /* PhotoDayData.swift */,
			);
			path = Model;
			sourceTree = "<group>";
		};
		562B5AC927A8AFA70025C41A /* Controller */ = {
			isa = PBXGroup;
			children = (
				D6484F5127A24DB4003293F1 /* planetasViewController.swift */,
			);
			path = Controller;
			sourceTree = "<group>";
		};
		562B5ACA27A8AFC80025C41A /* View */ = {
			isa = PBXGroup;
			children = (
				5609055527A4F87200E4B7D4 /* PhotoManager.swift */,
			);
			path = View;
			sourceTree = "<group>";
		};
		D6484F3127A247E4003293F1 = {
			isa = PBXGroup;
			children = (
				D6484F3C27A247E4003293F1 /* Nassap */,
				D6484F3B27A247E4003293F1 /* Products */,
			);
			sourceTree = "<group>";
		};
		D6484F3B27A247E4003293F1 /* Products */ = {
			isa = PBXGroup;
			children = (
				D6484F3A27A247E4003293F1 /* Nassap.app */,
			);
			name = Products;
			sourceTree = "<group>";
		};
		D6484F3C27A247E4003293F1 /* Nassap */ = {
			isa = PBXGroup;
			children = (
				D6484F3D27A247E4003293F1 /* AppDelegate.swift */,
				D6484F3F27A247E4003293F1 /* SceneDelegate.swift */,
				D6484F4327A247E4003293F1 /* Main.storyboard */,
				D6484F4627A247E6003293F1 /* Assets.xcassets */,
				D6484F4827A247E6003293F1 /* LaunchScreen.storyboard */,
				D6484F4B27A247E6003293F1 /* Info.plist */,
				D6484F4127A247E4003293F1 /* ViewController.swift */,
				562B5ACA27A8AFC80025C41A /* View */,
				562B5AC927A8AFA70025C41A /* Controller */,
				562B5AC827A8AF9A0025C41A /* Model */,
			);
			path = Nassap;
			sourceTree = "<group>";
		};
/* End PBXGroup section */

/* Begin PBXNativeTarget section */
		D6484F3927A247E4003293F1 /* Nassap */ = {
			isa = PBXNativeTarget;
			buildConfigurationList = D6484F4E27A247E6003293F1 /* Build configuration list for PBXNativeTarget "Nassap" */;
			buildPhases = (
				D6484F3627A247E4003293F1 /* Sources */,
				D6484F3727A247E4003293F1 /* Frameworks */,
				D6484F3827A247E4003293F1 /* Resources */,
			);
			buildRules = (
			);
			dependencies = (
			);
			name = Nassap;
			productName = Nassap;
			productReference = D6484F3A27A247E4003293F1 /* Nassap.app */;
			productType = "com.apple.product-type.application";
		};
/* End PBXNativeTarget section */

/* Begin PBXProject section */
		D6484F3227A247E4003293F1 /* Project object */ = {
			isa = PBXProject;
			attributes = {
				BuildIndependentTargetsInParallel = 1;
				LastSwiftUpdateCheck = 1320;
				LastUpgradeCheck = 1320;
				TargetAttributes = {
					D6484F3927A247E4003293F1 = {
						CreatedOnToolsVersion = 13.2.1;
					};
				};
			};
			buildConfigurationList = D6484F3527A247E4003293F1 /* Build configuration list for PBXProject "Nassap" */;
			compatibilityVersion = "Xcode 13.0";
			developmentRegion = en;
			hasScannedForEncodings = 0;
			knownRegions = (
				en,
				Base,
			);
			mainGroup = D6484F3127A247E4003293F1;
			productRefGroup = D6484F3B27A247E4003293F1 /* Products */;
			projectDirPath = "";
			projectRoot = "";
			targets = (
				D6484F3927A247E4003293F1 /* Nassap */,
			);
		};
/* End PBXProject section */

/* Begin PBXResourcesBuildPhase section */
		D6484F3827A247E4003293F1 /* Resources */ = {
			isa = PBXResourcesBuildPhase;
			buildActionMask = 2147483647;
			files = (
				D6484F4A27A247E6003293F1 /* LaunchScreen.storyboard in Resources */,
				D6484F4727A247E6003293F1 /* Assets.xcassets in Resources */,
				D6484F4527A247E4003293F1 /* Main.storyboard in Resources */,
			);
			runOnlyForDeploymentPostprocessing = 0;
		};
/* End PBXResourcesBuildPhase section */

/* Begin PBXSourcesBuildPhase section */
		D6484F3627A247E4003293F1 /* Sources */ = {
			isa = PBXSourcesBuildPhase;
			buildActionMask = 2147483647;
			files = (
				5609055627A4F87200E4B7D4 /* PhotoManager.swift in Sources */,
				5609055827A4F89600E4B7D4 /* PhotoDayData.swift in Sources */,
				D6484F4227A247E4003293F1 /* ViewController.swift in Sources */,
				D6484F3E27A247E4003293F1 /* AppDelegate.swift in Sources */,
				D6484F5227A24DB4003293F1 /* planetasViewController.swift in Sources */,
				D6484F4027A247E4003293F1 /* SceneDelegate.swift in Sources */,
			);
			runOnlyForDeploymentPostprocessing = 0;
		};
/* End PBXSourcesBuildPhase section */

/* Begin PBXVariantGroup section */
		D6484F4327A247E4003293F1 /* Main.storyboard */ = {
			isa = PBXVariantGroup;
			children = (
				D6484F4427A247E4003293F1 /* Base */,
			);
			name = Main.storyboard;
			sourceTree = "<group>";
		};
		D6484F4827A247E6003293F1 /* LaunchScreen.storyboard */ = {
			isa = PBXVariantGroup;
			children = (
				D6484F4927A247E6003293F1 /* Base */,
			);
			name = LaunchScreen.storyboard;
			sourceTree = "<group>";
		};
/* End PBXVariantGroup section */

/* Begin XCBuildConfiguration section */
		D6484F4C27A247E6003293F1 /* Debug */ = {
			isa = XCBuildConfiguration;
			buildSettings = {
				ALWAYS_SEARCH_USER_PATHS = NO;
				CLANG_ANALYZER_NONNULL = YES;
				CLANG_ANALYZER_NUMBER_OBJECT_CONVERSION = YES_AGGRESSIVE;
				CLANG_CXX_LANGUAGE_STANDARD = "gnu++17";
				CLANG_CXX_LIBRARY = "libc++";
				CLANG_ENABLE_MODULES = YES;
				CLANG_ENABLE_OBJC_ARC = YES;
				CLANG_ENABLE_OBJC_WEAK = YES;
				CLANG_WARN_BLOCK_CAPTURE_AUTORELEASING = YES;
				CLANG_WARN_BOOL_CONVERSION = YES;
				CLANG_WARN_COMMA = YES;
				CLANG_WARN_CONSTANT_CONVERSION = YES;
				CLANG_WARN_DEPRECATED_OBJC_IMPLEMENTATIONS = YES;
				CLANG_WARN_DIRECT_OBJC_ISA_USAGE = YES_ERROR;
				CLANG_WARN_DOCUMENTATION_COMMENTS = YES;
				CLANG_WARN_EMPTY_BODY = YES;
				CLANG_WARN_ENUM_CONVERSION = YES;
				CLANG_WARN_INFINITE_RECURSION = YES;
				CLANG_WARN_INT_CONVERSION = YES;
				CLANG_WARN_NON_LITERAL_NULL_CONVERSION = YES;
				CLANG_WARN_OBJC_IMPLICIT_RETAIN_SELF = YES;
				CLANG_WARN_OBJC_LITERAL_CONVERSION = YES;
				CLANG_WARN_OBJC_ROOT_CLASS = YES_ERROR;
				CLANG_WARN_QUOTED_INCLUDE_IN_FRAMEWORK_HEADER = YES;
				CLANG_WARN_RANGE_LOOP_ANALYSIS = YES;
				CLANG_WARN_STRICT_PROTOTYPES = YES;
				CLANG_WARN_SUSPICIOUS_MOVE = YES;
				CLANG_WARN_UNGUARDED_AVAILABILITY = YES_AGGRESSIVE;
				CLANG_WARN_UNREACHABLE_CODE = YES;
				CLANG_WARN__DUPLICATE_METHOD_MATCH = YES;
				COPY_PHASE_STRIP = NO;
				DEBUG_INFORMATION_FORMAT = dwarf;
				ENABLE_STRICT_OBJC_MSGSEND = YES;
				ENABLE_TESTABILITY = YES;
				GCC_C_LANGUAGE_STANDARD = gnu11;
				GCC_DYNAMIC_NO_PIC = NO;
				GCC_NO_COMMON_BLOCKS = YES;
				GCC_OPTIMIZATION_LEVEL = 0;
				GCC_PREPROCESSOR_DEFINITIONS = (
					"DEBUG=1",
					"$(inherited)",
				);
				GCC_WARN_64_TO_32_BIT_CONVERSION = YES;
				GCC_WARN_ABOUT_RETURN_TYPE = YES_ERROR;
				GCC_WARN_UNDECLARED_SELECTOR = YES;
				GCC_WARN_UNINITIALIZED_AUTOS = YES_AGGRESSIVE;
				GCC_WARN_UNUSED_FUNCTION = YES;
				GCC_WARN_UNUSED_VARIABLE = YES;
				IPHONEOS_DEPLOYMENT_TARGET = 15.2;
				MTL_ENABLE_DEBUG_INFO = INCLUDE_SOURCE;
				MTL_FAST_MATH = YES;
				ONLY_ACTIVE_ARCH = YES;
				SDKROOT = iphoneos;
				SWIFT_ACTIVE_COMPILATION_CONDITIONS = DEBUG;
				SWIFT_OPTIMIZATION_LEVEL = "-Onone";
			};
			name = Debug;
		};
		D6484F4D27A247E6003293F1 /* Release */ = {
			isa = XCBuildConfiguration;
			buildSettings = {
				ALWAYS_SEARCH_USER_PATHS = NO;
				CLANG_ANALYZER_NONNULL = YES;
				CLANG_ANALYZER_NUMBER_OBJECT_CONVERSION = YES_AGGRESSIVE;
				CLANG_CXX_LANGUAGE_STANDARD = "gnu++17";
				CLANG_CXX_LIBRARY = "libc++";
				CLANG_ENABLE_MODULES = YES;
				CLANG_ENABLE_OBJC_ARC = YES;
				CLANG_ENABLE_OBJC_WEAK = YES;
				CLANG_WARN_BLOCK_CAPTURE_AUTORELEASING = YES;
				CLANG_WARN_BOOL_CONVERSION = YES;
				CLANG_WARN_COMMA = YES;
				CLANG_WARN_CONSTANT_CONVERSION = YES;
				CLANG_WARN_DEPRECATED_OBJC_IMPLEMENTATIONS = YES;
				CLANG_WARN_DIRECT_OBJC_ISA_USAGE = YES_ERROR;
				CLANG_WARN_DOCUMENTATION_COMMENTS = YES;
				CLANG_WARN_EMPTY_BODY = YES;
				CLANG_WARN_ENUM_CONVERSION = YES;
				CLANG_WARN_INFINITE_RECURSION = YES;
				CLANG_WARN_INT_CONVERSION = YES;
				CLANG_WARN_NON_LITERAL_NULL_CONVERSION = YES;
				CLANG_WARN_OBJC_IMPLICIT_RETAIN_SELF = YES;
				CLANG_WARN_OBJC_LITERAL_CONVERSION = YES;
				CLANG_WARN_OBJC_ROOT_CLASS = YES_ERROR;
				CLANG_WARN_QUOTED_INCLUDE_IN_FRAMEWORK_HEADER = YES;
				CLANG_WARN_RANGE_LOOP_ANALYSIS = YES;
				CLANG_WARN_STRICT_PROTOTYPES = YES;
				CLANG_WARN_SUSPICIOUS_MOVE = YES;
				CLANG_WARN_UNGUARDED_AVAILABILITY = YES_AGGRESSIVE;
				CLANG_WARN_UNREACHABLE_CODE = YES;
				CLANG_WARN__DUPLICATE_METHOD_MATCH = YES;
				COPY_PHASE_STRIP = NO;
				DEBUG_INFORMATION_FORMAT = "dwarf-with-dsym";
				ENABLE_NS_ASSERTIONS = NO;
				ENABLE_STRICT_OBJC_MSGSEND = YES;
				GCC_C_LANGUAGE_STANDARD = gnu11;
				GCC_NO_COMMON_BLOCKS = YES;
				GCC_WARN_64_TO_32_BIT_CONVERSION = YES;
				GCC_WARN_ABOUT_RETURN_TYPE = YES_ERROR;
				GCC_WARN_UNDECLARED_SELECTOR = YES;
				GCC_WARN_UNINITIALIZED_AUTOS = YES_AGGRESSIVE;
				GCC_WARN_UNUSED_FUNCTION = YES;
				GCC_WARN_UNUSED_VARIABLE = YES;
				IPHONEOS_DEPLOYMENT_TARGET = 15.2;
				MTL_ENABLE_DEBUG_INFO = NO;
				MTL_FAST_MATH = YES;
				SDKROOT = iphoneos;
				SWIFT_COMPILATION_MODE = wholemodule;
				SWIFT_OPTIMIZATION_LEVEL = "-O";
				VALIDATE_PRODUCT = YES;
			};
			name = Release;
		};
		D6484F4F27A247E6003293F1 /* Debug */ = {
			isa = XCBuildConfiguration;
			buildSettings = {
				ASSETCATALOG_COMPILER_APPICON_NAME = AppIcon;
				ASSETCATALOG_COMPILER_GLOBAL_ACCENT_COLOR_NAME = AccentColor;
				CODE_SIGN_STYLE = Automatic;
				CURRENT_PROJECT_VERSION = 1;
				DEVELOPMENT_TEAM = ZHC958P7X6;
				GENERATE_INFOPLIST_FILE = YES;
				INFOPLIST_FILE = Nassap/Info.plist;
				INFOPLIST_KEY_UIApplicationSupportsIndirectInputEvents = YES;
				INFOPLIST_KEY_UILaunchStoryboardName = LaunchScreen;
				INFOPLIST_KEY_UIMainStoryboardFile = Main;
				INFOPLIST_KEY_UISupportedInterfaceOrientations_iPad = "UIInterfaceOrientationPortrait UIInterfaceOrientationPortraitUpsideDown UIInterfaceOrientationLandscapeLeft UIInterfaceOrientationLandscapeRight";
				INFOPLIST_KEY_UISupportedInterfaceOrientations_iPhone = "UIInterfaceOrientationPortrait UIInterfaceOrientationLandscapeLeft UIInterfaceOrientationLandscapeRight";
				LD_RUNPATH_SEARCH_PATHS = (
					"$(inherited)",
					"@executable_path/Frameworks",
				);
				MARKETING_VERSION = 1.0;
				PRODUCT_BUNDLE_IDENTIFIER = con.marcocruz.Nassap;
				PRODUCT_NAME = "$(TARGET_NAME)";
				SWIFT_EMIT_LOC_STRINGS = YES;
				SWIFT_VERSION = 5.0;
				TARGETED_DEVICE_FAMILY = "1,2";
			};
			name = Debug;
		};
		D6484F5027A247E6003293F1 /* Release */ = {
			isa = XCBuildConfiguration;
			buildSettings = {
				ASSETCATALOG_COMPILER_APPICON_NAME = AppIcon;
				ASSETCATALOG_COMPILER_GLOBAL_ACCENT_COLOR_NAME = AccentColor;
				CODE_SIGN_STYLE = Automatic;
				CURRENT_PROJECT_VERSION = 1;
				DEVELOPMENT_TEAM = ZHC958P7X6;
				GENERATE_INFOPLIST_FILE = YES;
				INFOPLIST_FILE = Nassap/Info.plist;
				INFOPLIST_KEY_UIApplicationSupportsIndirectInputEvents = YES;
				INFOPLIST_KEY_UILaunchStoryboardName = LaunchScreen;
				INFOPLIST_KEY_UIMainStoryboardFile = Main;
				INFOPLIST_KEY_UISupportedInterfaceOrientations_iPad = "UIInterfaceOrientationPortrait UIInterfaceOrientationPortraitUpsideDown UIInterfaceOrientationLandscapeLeft UIInterfaceOrientationLandscapeRight";
				INFOPLIST_KEY_UISupportedInterfaceOrientations_iPhone = "UIInterfaceOrientationPortrait UIInterfaceOrientationLandscapeLeft UIInterfaceOrientationLandscapeRight";
				LD_RUNPATH_SEARCH_PATHS = (
					"$(inherited)",
					"@executable_path/Frameworks",
				);
				MARKETING_VERSION = 1.0;
				PRODUCT_BUNDLE_IDENTIFIER = con.marcocruz.Nassap;
				PRODUCT_NAME = "$(TARGET_NAME)";
				SWIFT_EMIT_LOC_STRINGS = YES;
				SWIFT_VERSION = 5.0;
				TARGETED_DEVICE_FAMILY = "1,2";
			};
			name = Release;
		};
/* End XCBuildConfiguration section */

/* Begin XCConfigurationList section */
		D6484F3527A247E4003293F1 /* Build configuration list for PBXProject "Nassap" */ = {
			isa = XCConfigurationList;
			buildConfigurations = (
				D6484F4C27A247E6003293F1 /* Debug */,
				D6484F4D27A247E6003293F1 /* Release */,
			);
			defaultConfigurationIsVisible = 0;
			defaultConfigurationName = Release;
		};
		D6484F4E27A247E6003293F1 /* Build configuration list for PBXNativeTarget "Nassap" */ = {
			isa = XCConfigurationList;
			buildConfigurations = (
				D6484F4F27A247E6003293F1 /* Debug */,
				D6484F5027A247E6003293F1 /* Release */,
			);
			defaultConfigurationIsVisible = 0;
			defaultConfigurationName = Release;
		};
/* End XCConfigurationList section */
	};
	rootObject = D6484F3227A247E4003293F1 /* Project object */;
}
